{
  "nodes": {
    "nixpkgs": {
      "locked": {
        "lastModified": 1733391227,
        "narHash": "sha256-TdM3Mw7jD0We+aoG8z3VS4lmc9QSNC/okHz6jayCrYg=",
        "owner": "blitz",
        "repo": "nixpkgs",
        "rev": "724f9699a5729040c50309c99d47790ae7e9ddb3",
        "type": "github"
      },
      "original": {
        "owner": "blitz",
        "ref": "kernel-lld",
        "repo": "nixpkgs",
        "type": "github"
      }
    },
    "root": {
      "inputs": {
        "nixpkgs": "nixpkgs"
      }
    }
  },
  "root": "root",
  "version": 7
}
